
Microsoft Visual Studio Solution File, Format Version 12.00
# Visual Studio Version 17
VisualStudioVersion = 17.10.34928.147
MinimumVisualStudioVersion = 10.0.40219.1
Project("{FAE04EC0-301F-11D3-BF4B-00C04F79EFBC}") = "ConsoleApp8", "ConsoleApp8\ConsoleApp8.csproj", "{FE1245B6-F561-43E9-87EF-0C089C7E45E3}"
EndProject
Global
	GlobalSection(SolutionConfigurationPlatforms) = preSolution
		Debug|Any CPU = Debug|Any CPU
		Release|Any CPU = Release|Any CPU
	EndGlobalSection
	GlobalSection(ProjectConfigurationPlatforms) = postSolution
		{FE1245B6-F561-43E9-87EF-0C089C7E45E3}.Debug|Any CPU.ActiveCfg = Debug|Any CPU
		{FE1245B6-F561-43E9-87EF-0C089C7E45E3}.Debug|Any CPU.Build.0 = Debug|Any CPU
		{FE1245B6-F561-43E9-87EF-0C089C7E45E3}.Release|Any CPU.ActiveCfg = Release|Any CPU
		{FE1245B6-F561-43E9-87EF-0C089C7E45E3}.Release|Any CPU.Build.0 = Release|Any CPU
	EndGlobalSection
	GlobalSection(SolutionProperties) = preSolution
		HideSolutionNode = FALSE
	EndGlobalSection
	GlobalSection(ExtensibilityGlobals) = postSolution
		SolutionGuid = {D0C844F8-56A7-41A4-868E-BC196CCD1BFC}
	EndGlobalSection
EndGlobal
